
Microsoft Visual Studio Solution File, Format Version 12.00
# Visual Studio Version 17
VisualStudioVersion = 17.2.32616.157
MinimumVisualStudioVersion = 10.0.40219.1
Project("{FAE04EC0-301F-11D3-BF4B-00C04F79EFBC}") = "QRCodeApp", "QRCodeApp\QRCodeApp.csproj", "{B2F04109-11C6-4978-B1F1-E65109553FBE}"
EndProject
Global
	GlobalSection(SolutionConfigurationPlatforms) = preSolution
		Debug|Any CPU = Debug|Any CPU
		Release|Any CPU = Release|Any CPU
	EndGlobalSection
	GlobalSection(ProjectConfigurationPlatforms) = postSolution
		{B2F04109-11C6-4978-B1F1-E65109553FBE}.Debug|Any CPU.ActiveCfg = Debug|Any CPU
		{B2F04109-11C6-4978-B1F1-E65109553FBE}.Debug|Any CPU.Build.0 = Debug|Any CPU
		{B2F04109-11C6-4978-B1F1-E65109553FBE}.Release|Any CPU.ActiveCfg = Release|Any CPU
		{B2F04109-11C6-4978-B1F1-E65109553FBE}.Release|Any CPU.Build.0 = Release|Any CPU
	EndGlobalSection
	GlobalSection(SolutionProperties) = preSolution
		HideSolutionNode = FALSE
	EndGlobalSection
	GlobalSection(ExtensibilityGlobals) = postSolution
		SolutionGuid = {B36FECC6-EAF2-4AA7-A5A8-A06AC207CE97}
	EndGlobalSection
EndGlobal
